
Microsoft Visual Studio Solution File, Format Version 12.00
# Visual Studio Version 17
VisualStudioVersion = 17.7.34202.233
MinimumVisualStudioVersion = 10.0.40219.1
Project("{FAE04EC0-301F-11D3-BF4B-00C04F79EFBC}") = "JWTAuthorization.API", "JWTAuthorization\JWTAuthorization.API.csproj", "{653EF0DE-7D41-4077-B077-E0318CEC3B5F}"
EndProject
Project("{FAE04EC0-301F-11D3-BF4B-00C04F79EFBC}") = "JWTAuthorization.BL", "JWTAuthorization.BL\JWTAuthorization.BL.csproj", "{63355F1C-9D15-4F21-B52E-CD36AA8E8100}"
EndProject
Project("{FAE04EC0-301F-11D3-BF4B-00C04F79EFBC}") = "JWTAuthorization.DAL", "JWTAuthorization.DAL\JWTAuthorization.DAL.csproj", "{CBBE98D4-B740-4BA1-A1B3-EDCEBBE2B6D1}"
EndProject
Global
	GlobalSection(SolutionConfigurationPlatforms) = preSolution
		Debug|Any CPU = Debug|Any CPU
		Release|Any CPU = Release|Any CPU
	EndGlobalSection
	GlobalSection(ProjectConfigurationPlatforms) = postSolution
		{653EF0DE-7D41-4077-B077-E0318CEC3B5F}.Debug|Any CPU.ActiveCfg = Debug|Any CPU
		{653EF0DE-7D41-4077-B077-E0318CEC3B5F}.Debug|Any CPU.Build.0 = Debug|Any CPU
		{653EF0DE-7D41-4077-B077-E0318CEC3B5F}.Release|Any CPU.ActiveCfg = Release|Any CPU
		{653EF0DE-7D41-4077-B077-E0318CEC3B5F}.Release|Any CPU.Build.0 = Release|Any CPU
		{63355F1C-9D15-4F21-B52E-CD36AA8E8100}.Debug|Any CPU.ActiveCfg = Debug|Any CPU
		{63355F1C-9D15-4F21-B52E-CD36AA8E8100}.Debug|Any CPU.Build.0 = Debug|Any CPU
		{63355F1C-9D15-4F21-B52E-CD36AA8E8100}.Release|Any CPU.ActiveCfg = Release|Any CPU
		{63355F1C-9D15-4F21-B52E-CD36AA8E8100}.Release|Any CPU.Build.0 = Release|Any CPU
		{CBBE98D4-B740-4BA1-A1B3-EDCEBBE2B6D1}.Debug|Any CPU.ActiveCfg = Debug|Any CPU
		{CBBE98D4-B740-4BA1-A1B3-EDCEBBE2B6D1}.Debug|Any CPU.Build.0 = Debug|Any CPU
		{CBBE98D4-B740-4BA1-A1B3-EDCEBBE2B6D1}.Release|Any CPU.ActiveCfg = Release|Any CPU
		{CBBE98D4-B740-4BA1-A1B3-EDCEBBE2B6D1}.Release|Any CPU.Build.0 = Release|Any CPU
	EndGlobalSection
	GlobalSection(SolutionProperties) = preSolution
		HideSolutionNode = FALSE
	EndGlobalSection
	GlobalSection(ExtensibilityGlobals) = postSolution
		SolutionGuid = {CC5F66DA-8C0A-4A6C-B824-1145FAB0FD24}
	EndGlobalSection
EndGlobal
